// !$*UTF8*$!
{
	archiveVersion = 1;
	classes = {
	};
	objectVersion = 46;
	objects = {

/* Begin PBXBuildFile section */
		2F3F16271D3A428F0079E04D /* AppDelegate.swift in Sources */ = {isa = PBXBuildFile; fileRef = 2F3F16261D3A428F0079E04D /* AppDelegate.swift */; };
		2F3F16291D3A428F0079E04D /* ViewController.swift in Sources */ = {isa = PBXBuildFile; fileRef = 2F3F16281D3A428F0079E04D /* ViewController.swift */; };
		2F3F162C1D3A428F0079E04D /* Main.storyboard in Resources */ = {isa = PBXBuildFile; fileRef = 2F3F162A1D3A428F0079E04D /* Main.storyboard */; };
		2F3F162E1D3A428F0079E04D /* Assets.xcassets in Resources */ = {isa = PBXBuildFile; fileRef = 2F3F162D1D3A428F0079E04D /* Assets.xcassets */; };
		2F3F16311D3A428F0079E04D /* LaunchScreen.storyboard in Resources */ = {isa = PBXBuildFile; fileRef = 2F3F162F1D3A428F0079E04D /* LaunchScreen.storyboard */; };
		2F3F16391D3A436B0079E04D /* AksVideoProcessingHelper.swift in Sources */ = {isa = PBXBuildFile; fileRef = 2F3F16381D3A436B0079E04D /* AksVideoProcessingHelper.swift */; };
		8CCC37104A2EBF2154FB1360 /* Pods_VideoProcessingAssignment.framework in Frameworks */ = {isa = PBXBuildFile; fileRef = 66D2A5C1672DA2619987439E /* Pods_VideoProcessingAssignment.framework */; };
/* End PBXBuildFile section */

/* Begin PBXFileReference section */
		2F3F16231D3A428F0079E04D /* VideoProcessingAssignment.app */ = {isa = PBXFileReference; explicitFileType = wrapper.application; includeInIndex = 0; path = VideoProcessingAssignment.app; sourceTree = BUILT_PRODUCTS_DIR; };
		2F3F16261D3A428F0079E04D /* AppDelegate.swift */ = {isa = PBXFileReference; lastKnownFileType = sourcecode.swift; path = AppDelegate.swift; sourceTree = "<group>"; };
		2F3F16281D3A428F0079E04D /* ViewController.swift */ = {isa = PBXFileReference; lastKnownFileType = sourcecode.swift; path = ViewController.swift; sourceTree = "<group>"; };
		2F3F162B1D3A428F0079E04D /* Base */ = {isa = PBXFileReference; lastKnownFileType = file.storyboard; name = Base; path = Base.lproj/Main.storyboard; sourceTree = "<group>"; };
		2F3F162D1D3A428F0079E04D /* Assets.xcassets */ = {isa = PBXFileReference; lastKnownFileType = folder.assetcatalog; path = Assets.xcassets; sourceTree = "<group>"; };
		2F3F16301D3A428F0079E04D /* Base */ = {isa = PBXFileReference; lastKnownFileType = file.storyboard; name = Base; path = Base.lproj/LaunchScreen.storyboard; sourceTree = "<group>"; };
		2F3F16321D3A428F0079E04D /* Info.plist */ = {isa = PBXFileReference; lastKnownFileType = text.plist.xml; path = Info.plist; sourceTree = "<group>"; };
		2F3F16381D3A436B0079E04D /* AksVideoProcessingHelper.swift */ = {isa = PBXFileReference; fileEncoding = 4; lastKnownFileType = sourcecode.swift; path = AksVideoProcessingHelper.swift; sourceTree = "<group>"; };
		66D2A5C1672DA2619987439E /* Pods_VideoProcessingAssignment.framework */ = {isa = PBXFileReference; explicitFileType = wrapper.framework; includeInIndex = 0; path = Pods_VideoProcessingAssignment.framework; sourceTree = BUILT_PRODUCTS_DIR; };
		B5E2BAD2B55E64B86BDCAEBF /* Pods-VideoProcessingAssignment.debug.xcconfig */ = {isa = PBXFileReference; includeInIndex = 1; lastKnownFileType = text.xcconfig; name = "Pods-VideoProcessingAssignment.debug.xcconfig"; path = "Pods/Target Support Files/Pods-VideoProcessingAssignment/Pods-VideoProcessingAssignment.debug.xcconfig"; sourceTree = "<group>"; };
		D15909BEF90F2B9AB1814E7A /* Pods-VideoProcessingAssignment.release.xcconfig */ = {isa = PBXFileReference; includeInIndex = 1; lastKnownFileType = text.xcconfig; name = "Pods-VideoProcessingAssignment.release.xcconfig"; path = "Pods/Target Support Files/Pods-VideoProcessingAssignment/Pods-VideoProcessingAssignment.release.xcconfig"; sourceTree = "<group>"; };
/* End PBXFileReference section */

/* Begin PBXFrameworksBuildPhase section */
		2F3F16201D3A428F0079E04D /* Frameworks */ = {
			isa = PBXFrameworksBuildPhase;
			buildActionMask = 2147483647;
			files = (
				8CCC37104A2EBF2154FB1360 /* Pods_VideoProcessingAssignment.framework in Frameworks */,
			);
			runOnlyForDeploymentPostprocessing = 0;
		};
/* End PBXFrameworksBuildPhase section */

/* Begin PBXGroup section */
		134629BBABDCB272F2EA44CF /* Frameworks */ = {
			isa = PBXGroup;
			children = (
				66D2A5C1672DA2619987439E /* Pods_VideoProcessingAssignment.framework */,
			);
			name = Frameworks;
			sourceTree = "<group>";
		};
		2F3F161A1D3A428F0079E04D = {
			isa = PBXGroup;
			children = (
				2F3F16251D3A428F0079E04D /* VideoProcessingAssignment */,
				2F3F16241D3A428F0079E04D /* Products */,
				8C7F20F72CF0127224D54579 /* Pods */,
				134629BBABDCB272F2EA44CF /* Frameworks */,
			);
			sourceTree = "<group>";
		};
		2F3F16241D3A428F0079E04D /* Products */ = {
			isa = PBXGroup;
			children = (
				2F3F16231D3A428F0079E04D /* VideoProcessingAssignment.app */,
			);
			name = Products;
			sourceTree = "<group>";
		};
		2F3F16251D3A428F0079E04D /* VideoProcessingAssignment */ = {
			isa = PBXGroup;
			children = (
				2F3F16261D3A428F0079E04D /* AppDelegate.swift */,
				2F3F16281D3A428F0079E04D /* ViewController.swift */,
				2F3F16381D3A436B0079E04D /* AksVideoProcessingHelper.swift */,
				2F3F162A1D3A428F0079E04D /* Main.storyboard */,
				2F3F162D1D3A428F0079E04D /* Assets.xcassets */,
				2F3F162F1D3A428F0079E04D /* LaunchScreen.storyboard */,
				2F3F16321D3A428F0079E04D /* Info.plist */,
			);
			path = VideoProcessingAssignment;
			sourceTree = "<group>";
		};
		8C7F20F72CF0127224D54579 /* Pods */ = {
			isa = PBXGroup;
			children = (
				B5E2BAD2B55E64B86BDCAEBF /* Pods-VideoProcessingAssignment.debug.xcconfig */,
				D15909BEF90F2B9AB1814E7A /* Pods-VideoProcessingAssignment.release.xcconfig */,
			);
			name = Pods;
			sourceTree = "<group>";
		};
/* End PBXGroup section */

/* Begin PBXNativeTarget section */
		2F3F16221D3A428F0079E04D /* VideoProcessingAssignment */ = {
			isa = PBXNativeTarget;
			buildConfigurationList = 2F3F16351D3A428F0079E04D /* Build configuration list for PBXNativeTarget "VideoProcessingAssignment" */;
			buildPhases = (
				F003A6C11F5FB5BDA7E28536 /* Check Pods Manifest.lock */,
				2F3F161F1D3A428F0079E04D /* Sources */,
				2F3F16201D3A428F0079E04D /* Frameworks */,
				2F3F16211D3A428F0079E04D /* Resources */,
				A1BB9E219AE9659C805C4D3E /* Embed Pods Frameworks */,
				C64AF12913C54072D7CC495B /* Copy Pods Resources */,
			);
			buildRules = (
			);
			dependencies = (
			);
			name = VideoProcessingAssignment;
			productName = VideoProcessingAssignment;
			productReference = 2F3F16231D3A428F0079E04D /* VideoProcessingAssignment.app */;
			productType = "com.apple.product-type.application";
		};
/* End PBXNativeTarget section */

/* Begin PBXProject section */
		2F3F161B1D3A428F0079E04D /* Project object */ = {
			isa = PBXProject;
			attributes = {
				LastSwiftUpdateCheck = 0730;
				LastUpgradeCheck = 0730;
				ORGANIZATIONNAME = Orahi;
				TargetAttributes = {
					2F3F16221D3A428F0079E04D = {
						CreatedOnToolsVersion = 7.3;
						DevelopmentTeam = DQ58CT86W5;
					};
				};
			};
			buildConfigurationList = 2F3F161E1D3A428F0079E04D /* Build configuration list for PBXProject "VideoProcessingAssignment" */;
			compatibilityVersion = "Xcode 3.2";
			developmentRegion = English;
			hasScannedForEncodings = 0;
			knownRegions = (
				en,
				Base,
			);
			mainGroup = 2F3F161A1D3A428F0079E04D;
			productRefGroup = 2F3F16241D3A428F0079E04D /* Products */;
			projectDirPath = "";
			projectRoot = "";
			targets = (
				2F3F16221D3A428F0079E04D /* VideoProcessingAssignment */,
			);
		};
/* End PBXProject section */

/* Begin PBXResourcesBuildPhase section */
		2F3F16211D3A428F0079E04D /* Resources */ = {
			isa = PBXResourcesBuildPhase;
			buildActionMask = 2147483647;
			files = (
				2F3F16311D3A428F0079E04D /* LaunchScreen.storyboard in Resources */,
				2F3F162E1D3A428F0079E04D /* Assets.xcassets in Resources */,
				2F3F162C1D3A428F0079E04D /* Main.storyboard in Resources */,
			);
			runOnlyForDeploymentPostprocessing = 0;
		};
/* End PBXResourcesBuildPhase section */

/* Begin PBXShellScriptBuildPhase section */
		A1BB9E219AE9659C805C4D3E /* Embed Pods Frameworks */ = {
			isa = PBXShellScriptBuildPhase;
			buildActionMask = 2147483647;
			files = (
			);
			inputPaths = (
			);
			name = "Embed Pods Frameworks";
			outputPaths = (
			);
			runOnlyForDeploymentPostprocessing = 0;
			shellPath = /bin/sh;
			shellScript = "\"${SRCROOT}/Pods/Target Support Files/Pods-VideoProcessingAssignment/Pods-VideoProcessingAssignment-frameworks.sh\"\n";
			showEnvVarsInLog = 0;
		};
		C64AF12913C54072D7CC495B /* Copy Pods Resources */ = {
			isa = PBXShellScriptBuildPhase;
			buildActionMask = 2147483647;
			files = (
			);
			inputPaths = (
			);
			name = "Copy Pods Resources";
			outputPaths = (
			);
			runOnlyForDeploymentPostprocessing = 0;
			shellPath = /bin/sh;
			shellScript = "\"${SRCROOT}/Pods/Target Support Files/Pods-VideoProcessingAssignment/Pods-VideoProcessingAssignment-resources.sh\"\n";
			showEnvVarsInLog = 0;
		};
		F003A6C11F5FB5BDA7E28536 /* Check Pods Manifest.lock */ = {
			isa = PBXShellScriptBuildPhase;
			buildActionMask = 2147483647;
			files = (
			);
			inputPaths = (
			);
			name = "Check Pods Manifest.lock";
			outputPaths = (
			);
			runOnlyForDeploymentPostprocessing = 0;
			shellPath = /bin/sh;
			shellScript = "diff \"${PODS_ROOT}/../Podfile.lock\" \"${PODS_ROOT}/Manifest.lock\" > /dev/null\nif [[ $? != 0 ]] ; then\n    cat << EOM\nerror: The sandbox is not in sync with the Podfile.lock. Run 'pod install' or update your CocoaPods installation.\nEOM\n    exit 1\nfi\n";
			showEnvVarsInLog = 0;
		};
/* End PBXShellScriptBuildPhase section */

/* Begin PBXSourcesBuildPhase section */
		2F3F161F1D3A428F0079E04D /* Sources */ = {
			isa = PBXSourcesBuildPhase;
			buildActionMask = 2147483647;
			files = (
				2F3F16291D3A428F0079E04D /* ViewController.swift in Sources */,
				2F3F16391D3A436B0079E04D /* AksVideoProcessingHelper.swift in Sources */,
				2F3F16271D3A428F0079E04D /* AppDelegate.swift in Sources */,
			);
			runOnlyForDeploymentPostprocessing = 0;
		};
/* End PBXSourcesBuildPhase section */

/* Begin PBXVariantGroup section */
		2F3F162A1D3A428F0079E04D /* Main.storyboard */ = {
			isa = PBXVariantGroup;
			children = (
				2F3F162B1D3A428F0079E04D /* Base */,
			);
			name = Main.storyboard;
			sourceTree = "<group>";
		};
		2F3F162F1D3A428F0079E04D /* LaunchScreen.storyboard */ = {
			isa = PBXVariantGroup;
			children = (
				2F3F16301D3A428F0079E04D /* Base */,
			);
			name = LaunchScreen.storyboard;
			sourceTree = "<group>";
		};
/* End PBXVariantGroup section */

/* Begin XCBuildConfiguration section */
		2F3F16331D3A428F0079E04D /* Debug */ = {
			isa = XCBuildConfiguration;
			buildSettings = {
				ALWAYS_SEARCH_USER_PATHS = NO;
				CLANG_ANALYZER_NONNULL = YES;
				CLANG_CXX_LANGUAGE_STANDARD = "gnu++0x";
				CLANG_CXX_LIBRARY = "libc++";
				CLANG_ENABLE_MODULES = YES;
				CLANG_ENABLE_OBJC_ARC = YES;
				CLANG_WARN_BOOL_CONVERSION = YES;
				CLANG_WARN_CONSTANT_CONVERSION = YES;
				CLANG_WARN_DIRECT_OBJC_ISA_USAGE = YES_ERROR;
				CLANG_WARN_EMPTY_BODY = YES;
				CLANG_WARN_ENUM_CONVERSION = YES;
				CLANG_WARN_INT_CONVERSION = YES;
				CLANG_WARN_OBJC_ROOT_CLASS = YES_ERROR;
				CLANG_WARN_UNREACHABLE_CODE = YES;
				CLANG_WARN__DUPLICATE_METHOD_MATCH = YES;
				"CODE_SIGN_IDENTITY[sdk=iphoneos*]" = "iPhone Developer";
				COPY_PHASE_STRIP = NO;
				DEBUG_INFORMATION_FORMAT = dwarf;
				ENABLE_STRICT_OBJC_MSGSEND = YES;
				ENABLE_TESTABILITY = YES;
				GCC_C_LANGUAGE_STANDARD = gnu99;
				GCC_DYNAMIC_NO_PIC = NO;
				GCC_NO_COMMON_BLOCKS = YES;
				GCC_OPTIMIZATION_LEVEL = 0;
				GCC_PREPROCESSOR_DEFINITIONS = (
					"DEBUG=1",
					"$(inherited)",
				);
				GCC_WARN_64_TO_32_BIT_CONVERSION = YES;
				GCC_WARN_ABOUT_RETURN_TYPE = YES_ERROR;
				GCC_WARN_UNDECLARED_SELECTOR = YES;
				GCC_WARN_UNINITIALIZED_AUTOS = YES_AGGRESSIVE;
				GCC_WARN_UNUSED_FUNCTION = YES;
				GCC_WARN_UNUSED_VARIABLE = YES;
				IPHONEOS_DEPLOYMENT_TARGET = 9.3;
				MTL_ENABLE_DEBUG_INFO = YES;
				ONLY_ACTIVE_ARCH = YES;
				SDKROOT = iphoneos;
				SWIFT_OPTIMIZATION_LEVEL = "-Onone";
				TARGETED_DEVICE_FAMILY = "1,2";
			};
			name = Debug;
		};
		2F3F16341D3A428F0079E04D /* Release */ = {
			isa = XCBuildConfiguration;
			buildSettings = {
				ALWAYS_SEARCH_USER_PATHS = NO;
				CLANG_ANALYZER_NONNULL = YES;
				CLANG_CXX_LANGUAGE_STANDARD = "gnu++0x";
				CLANG_CXX_LIBRARY = "libc++";
				CLANG_ENABLE_MODULES = YES;
				CLANG_ENABLE_OBJC_ARC = YES;
				CLANG_WARN_BOOL_CONVERSION = YES;
				CLANG_WARN_CONSTANT_CONVERSION = YES;
				CLANG_WARN_DIRECT_OBJC_ISA_USAGE = YES_ERROR;
				CLANG_WARN_EMPTY_BODY = YES;
				CLANG_WARN_ENUM_CONVERSION = YES;
				CLANG_WARN_INT_CONVERSION = YES;
				CLANG_WARN_OBJC_ROOT_CLASS = YES_ERROR;
				CLANG_WARN_UNREACHABLE_CODE = YES;
				CLANG_WARN__DUPLICATE_METHOD_MATCH = YES;
				"CODE_SIGN_IDENTITY[sdk=iphoneos*]" = "iPhone Developer";
				COPY_PHASE_STRIP = NO;
				DEBUG_INFORMATION_FORMAT = "dwarf-with-dsym";
				ENABLE_NS_ASSERTIONS = NO;
				ENABLE_STRICT_OBJC_MSGSEND = YES;
				GCC_C_LANGUAGE_STANDARD = gnu99;
				GCC_NO_COMMON_BLOCKS = YES;
				GCC_WARN_64_TO_32_BIT_CONVERSION = YES;
				GCC_WARN_ABOUT_RETURN_TYPE = YES_ERROR;
				GCC_WARN_UNDECLARED_SELECTOR = YES;
				GCC_WARN_UNINITIALIZED_AUTOS = YES_AGGRESSIVE;
				GCC_WARN_UNUSED_FUNCTION = YES;
				GCC_WARN_UNUSED_VARIABLE = YES;
				IPHONEOS_DEPLOYMENT_TARGET = 9.3;
				MTL_ENABLE_DEBUG_INFO = NO;
				SDKROOT = iphoneos;
				TARGETED_DEVICE_FAMILY = "1,2";
				VALIDATE_PRODUCT = YES;
			};
			name = Release;
		};
		2F3F16361D3A428F0079E04D /* Debug */ = {
			isa = XCBuildConfiguration;
			baseConfigurationReference = B5E2BAD2B55E64B86BDCAEBF /* Pods-VideoProcessingAssignment.debug.xcconfig */;
			buildSettings = {
				ASSETCATALOG_COMPILER_APPICON_NAME = AppIcon;
				CODE_SIGN_IDENTITY = "iPhone Developer";
				"CODE_SIGN_IDENTITY[sdk=iphoneos*]" = "iPhone Developer";
				INFOPLIST_FILE = VideoProcessingAssignment/Info.plist;
				LD_RUNPATH_SEARCH_PATHS = "$(inherited) @executable_path/Frameworks";
				PRODUCT_BUNDLE_IDENTIFIER = com.alok.nexgear.VideoProcessingAssignment;
				PRODUCT_NAME = "$(TARGET_NAME)";
				PROVISIONING_PROFILE = "";
			};
			name = Debug;
		};
		2F3F16371D3A428F0079E04D /* Release */ = {
			isa = XCBuildConfiguration;
			baseConfigurationReference = D15909BEF90F2B9AB1814E7A /* Pods-VideoProcessingAssignment.release.xcconfig */;
			buildSettings = {
				ASSETCATALOG_COMPILER_APPICON_NAME = AppIcon;
				CODE_SIGN_IDENTITY = "iPhone Developer";
				"CODE_SIGN_IDENTITY[sdk=iphoneos*]" = "iPhone Developer";
				INFOPLIST_FILE = VideoProcessingAssignment/Info.plist;
				LD_RUNPATH_SEARCH_PATHS = "$(inherited) @executable_path/Frameworks";
				PRODUCT_BUNDLE_IDENTIFIER = com.alok.nexgear.VideoProcessingAssignment;
				PRODUCT_NAME = "$(TARGET_NAME)";
				PROVISIONING_PROFILE = "";
			};
			name = Release;
		};
/* End XCBuildConfiguration section */

/* Begin XCConfigurationList section */
		2F3F161E1D3A428F0079E04D /* Build configuration list for PBXProject "VideoProcessingAssignment" */ = {
			isa = XCConfigurationList;
			buildConfigurations = (
				2F3F16331D3A428F0079E04D /* Debug */,
				2F3F16341D3A428F0079E04D /* Release */,
			);
			defaultConfigurationIsVisible = 0;
			defaultConfigurationName = Release;
		};
		2F3F16351D3A428F0079E04D /* Build configuration list for PBXNativeTarget "VideoProcessingAssignment" */ = {
			isa = XCConfigurationList;
			buildConfigurations = (
				2F3F16361D3A428F0079E04D /* Debug */,
				2F3F16371D3A428F0079E04D /* Release */,
			);
			defaultConfigurationIsVisible = 0;
			defaultConfigurationName = Release;
		};
/* End XCConfigurationList section */
	};
	rootObject = 2F3F161B1D3A428F0079E04D /* Project object */;
}
